// !$*UTF8*$!
{
	archiveVersion = 1;
	classes = {
	};
	objectVersion = 56;
	objects = {

/* Begin PBXBuildFile section */
		6B435BC02A6198EE00F830CB /* InsetFactView.swift in Sources */ = {isa = PBXBuildFile; fileRef = 6B435BBF2A6198EE00F830CB /* InsetFactView.swift */; };
		6B435BC22A619E4F00F830CB /* InsetMapView.swift in Sources */ = {isa = PBXBuildFile; fileRef = 6B435BC12A619E4F00F830CB /* InsetMapView.swift */; };
		6B435BC42A61AF5F00F830CB /* ExternalWeblinkView.swift in Sources */ = {isa = PBXBuildFile; fileRef = 6B435BC32A61AF5F00F830CB /* ExternalWeblinkView.swift */; };
		6B435BC62A61B95B00F830CB /* VideoModel.swift in Sources */ = {isa = PBXBuildFile; fileRef = 6B435BC52A61B95B00F830CB /* VideoModel.swift */; };
		6B435BC82A61BA4500F830CB /* VideoListItemView.swift in Sources */ = {isa = PBXBuildFile; fileRef = 6B435BC72A61BA4500F830CB /* VideoListItemView.swift */; };
		6B6102CA2A61C7AA00B3126E /* VideoPlayerView.swift in Sources */ = {isa = PBXBuildFile; fileRef = 6B6102C92A61C7AA00B3126E /* VideoPlayerView.swift */; };
		6B6102CD2A61CAA800B3126E /* VideoPlayerHelper.swift in Sources */ = {isa = PBXBuildFile; fileRef = 6B6102CC2A61CAA800B3126E /* VideoPlayerHelper.swift */; };
		6B9127B42A6043DD0016953C /* AfricaApp.swift in Sources */ = {isa = PBXBuildFile; fileRef = 6B9127B32A6043DD0016953C /* AfricaApp.swift */; };
		6B9127B62A6043DD0016953C /* ContentView.swift in Sources */ = {isa = PBXBuildFile; fileRef = 6B9127B52A6043DD0016953C /* ContentView.swift */; };
		6B9127B82A6043DE0016953C /* Assets.xcassets in Resources */ = {isa = PBXBuildFile; fileRef = 6B9127B72A6043DE0016953C /* Assets.xcassets */; };
		6B9127BB2A6043DE0016953C /* Preview Assets.xcassets in Resources */ = {isa = PBXBuildFile; fileRef = 6B9127BA2A6043DE0016953C /* Preview Assets.xcassets */; };
		6B9127D12A6049990016953C /* locations.json in Resources */ = {isa = PBXBuildFile; fileRef = 6B9127CD2A6049980016953C /* locations.json */; };
		6B9127D22A6049990016953C /* videos.json in Resources */ = {isa = PBXBuildFile; fileRef = 6B9127CE2A6049980016953C /* videos.json */; };
		6B9127D32A6049990016953C /* covers.json in Resources */ = {isa = PBXBuildFile; fileRef = 6B9127CF2A6049980016953C /* covers.json */; };
		6B9127D42A6049990016953C /* animals.json in Resources */ = {isa = PBXBuildFile; fileRef = 6B9127D02A6049990016953C /* animals.json */; };
		6B9127D82A604E730016953C /* VideoListView.swift in Sources */ = {isa = PBXBuildFile; fileRef = 6B9127D72A604E730016953C /* VideoListView.swift */; };
		6B9127DA2A604EA70016953C /* MapView.swift in Sources */ = {isa = PBXBuildFile; fileRef = 6B9127D92A604EA70016953C /* MapView.swift */; };
		6B9127DC2A604EE20016953C /* GalleryView.swift in Sources */ = {isa = PBXBuildFile; fileRef = 6B9127DB2A604EE20016953C /* GalleryView.swift */; };
		6B9127DE2A604F760016953C /* MainView.swift in Sources */ = {isa = PBXBuildFile; fileRef = 6B9127DD2A604F760016953C /* MainView.swift */; };
		6B9127E12A6056A90016953C /* CoverImageView.swift in Sources */ = {isa = PBXBuildFile; fileRef = 6B9127E02A6056A90016953C /* CoverImageView.swift */; };
		6B9127E42A605B460016953C /* CoverImageModel.swift in Sources */ = {isa = PBXBuildFile; fileRef = 6B9127E32A605B460016953C /* CoverImageModel.swift */; };
		6B9127E72A605D760016953C /* CodableBundleExtension.swift in Sources */ = {isa = PBXBuildFile; fileRef = 6B9127E62A605D760016953C /* CodableBundleExtension.swift */; };
		6B9127E92A6072FF0016953C /* AnimalListItemView.swift in Sources */ = {isa = PBXBuildFile; fileRef = 6B9127E82A6072FF0016953C /* AnimalListItemView.swift */; };
		6B9127EB2A6076AE0016953C /* AnimalModel.swift in Sources */ = {isa = PBXBuildFile; fileRef = 6B9127EA2A6076AE0016953C /* AnimalModel.swift */; };
		6B9127ED2A60865E0016953C /* AnimalDetailView.swift in Sources */ = {isa = PBXBuildFile; fileRef = 6B9127EC2A60865E0016953C /* AnimalDetailView.swift */; };
		6B9127EF2A608E470016953C /* HeadingView.swift in Sources */ = {isa = PBXBuildFile; fileRef = 6B9127EE2A608E470016953C /* HeadingView.swift */; };
		6B9127F12A6091520016953C /* InsetGalleryView.swift in Sources */ = {isa = PBXBuildFile; fileRef = 6B9127F02A6091520016953C /* InsetGalleryView.swift */; };
		6B9AC9BD2A632350002197CA /* lioness.mp4 in Resources */ = {isa = PBXBuildFile; fileRef = 6B9AC9B32A63234F002197CA /* lioness.mp4 */; };
		6B9AC9BE2A632350002197CA /* elephant.mp4 in Resources */ = {isa = PBXBuildFile; fileRef = 6B9AC9B42A63234F002197CA /* elephant.mp4 */; };
		6B9AC9BF2A632350002197CA /* cheetah.mp4 in Resources */ = {isa = PBXBuildFile; fileRef = 6B9AC9B52A632350002197CA /* cheetah.mp4 */; };
		6B9AC9C02A632350002197CA /* gorilla.mp4 in Resources */ = {isa = PBXBuildFile; fileRef = 6B9AC9B62A632350002197CA /* gorilla.mp4 */; };
		6B9AC9C12A632350002197CA /* lion.mp4 in Resources */ = {isa = PBXBuildFile; fileRef = 6B9AC9B72A632350002197CA /* lion.mp4 */; };
		6B9AC9C22A632350002197CA /* giraffe.mp4 in Resources */ = {isa = PBXBuildFile; fileRef = 6B9AC9B82A632350002197CA /* giraffe.mp4 */; };
		6B9AC9C32A632350002197CA /* zebra.mp4 in Resources */ = {isa = PBXBuildFile; fileRef = 6B9AC9B92A632350002197CA /* zebra.mp4 */; };
		6B9AC9C42A632350002197CA /* rhino.mp4 in Resources */ = {isa = PBXBuildFile; fileRef = 6B9AC9BA2A632350002197CA /* rhino.mp4 */; };
		6B9AC9C52A632350002197CA /* ostrich.mp4 in Resources */ = {isa = PBXBuildFile; fileRef = 6B9AC9BB2A632350002197CA /* ostrich.mp4 */; };
		6B9AC9C62A632350002197CA /* hippo.mp4 in Resources */ = {isa = PBXBuildFile; fileRef = 6B9AC9BC2A632350002197CA /* hippo.mp4 */; };
		6B9AC9C82A63276F002197CA /* LocationModel.swift in Sources */ = {isa = PBXBuildFile; fileRef = 6B9AC9C72A63276F002197CA /* LocationModel.swift */; };
		6B9AC9CA2A6334C4002197CA /* MapAnnotationView.swift in Sources */ = {isa = PBXBuildFile; fileRef = 6B9AC9C92A6334C4002197CA /* MapAnnotationView.swift */; };
		6B9AC9CC2A646056002197CA /* MotionAnimationView.swift in Sources */ = {isa = PBXBuildFile; fileRef = 6B9AC9CB2A646056002197CA /* MotionAnimationView.swift */; };
		6B9AC9CE2A653AF6002197CA /* AnimalGridItemView.swift in Sources */ = {isa = PBXBuildFile; fileRef = 6B9AC9CD2A653AF6002197CA /* AnimalGridItemView.swift */; };
		6BDB29CB2A655B4600C0996A /* Stickers.xcassets in Resources */ = {isa = PBXBuildFile; fileRef = 6BDB29CA2A655B4600C0996A /* Stickers.xcassets */; };
		6BDB29CF2A655B4600C0996A /* Stickers.appex in Embed Foundation Extensions */ = {isa = PBXBuildFile; fileRef = 6BDB29C82A655B4400C0996A /* Stickers.appex */; settings = {ATTRIBUTES = (RemoveHeadersOnCopy, ); }; };
/* End PBXBuildFile section */

/* Begin PBXContainerItemProxy section */
		6BDB29CD2A655B4600C0996A /* PBXContainerItemProxy */ = {
			isa = PBXContainerItemProxy;
			containerPortal = 6B9127A82A6043DD0016953C /* Project object */;
			proxyType = 1;
			remoteGlobalIDString = 6BDB29C72A655B4400C0996A;
			remoteInfo = Stickers;
		};
/* End PBXContainerItemProxy section */

/* Begin PBXCopyFilesBuildPhase section */
		6BDB29D02A655B4600C0996A /* Embed Foundation Extensions */ = {
			isa = PBXCopyFilesBuildPhase;
			buildActionMask = 2147483647;
			dstPath = "";
			dstSubfolderSpec = 13;
			files = (
				6BDB29CF2A655B4600C0996A /* Stickers.appex in Embed Foundation Extensions */,
			);
			name = "Embed Foundation Extensions";
			runOnlyForDeploymentPostprocessing = 0;
		};
/* End PBXCopyFilesBuildPhase section */

/* Begin PBXFileReference section */
		6B435BBF2A6198EE00F830CB /* InsetFactView.swift */ = {isa = PBXFileReference; lastKnownFileType = sourcecode.swift; path = InsetFactView.swift; sourceTree = "<group>"; };
		6B435BC12A619E4F00F830CB /* InsetMapView.swift */ = {isa = PBXFileReference; lastKnownFileType = sourcecode.swift; path = InsetMapView.swift; sourceTree = "<group>"; };
		6B435BC32A61AF5F00F830CB /* ExternalWeblinkView.swift */ = {isa = PBXFileReference; lastKnownFileType = sourcecode.swift; path = ExternalWeblinkView.swift; sourceTree = "<group>"; };
		6B435BC52A61B95B00F830CB /* VideoModel.swift */ = {isa = PBXFileReference; lastKnownFileType = sourcecode.swift; path = VideoModel.swift; sourceTree = "<group>"; };
		6B435BC72A61BA4500F830CB /* VideoListItemView.swift */ = {isa = PBXFileReference; lastKnownFileType = sourcecode.swift; path = VideoListItemView.swift; sourceTree = "<group>"; };
		6B6102C92A61C7AA00B3126E /* VideoPlayerView.swift */ = {isa = PBXFileReference; lastKnownFileType = sourcecode.swift; path = VideoPlayerView.swift; sourceTree = "<group>"; };
		6B6102CC2A61CAA800B3126E /* VideoPlayerHelper.swift */ = {isa = PBXFileReference; lastKnownFileType = sourcecode.swift; path = VideoPlayerHelper.swift; sourceTree = "<group>"; };
		6B9127B02A6043DD0016953C /* Africa.app */ = {isa = PBXFileReference; explicitFileType = wrapper.application; includeInIndex = 0; path = Africa.app; sourceTree = BUILT_PRODUCTS_DIR; };
		6B9127B32A6043DD0016953C /* AfricaApp.swift */ = {isa = PBXFileReference; lastKnownFileType = sourcecode.swift; path = AfricaApp.swift; sourceTree = "<group>"; };
		6B9127B52A6043DD0016953C /* ContentView.swift */ = {isa = PBXFileReference; lastKnownFileType = sourcecode.swift; path = ContentView.swift; sourceTree = "<group>"; };
		6B9127B72A6043DE0016953C /* Assets.xcassets */ = {isa = PBXFileReference; lastKnownFileType = folder.assetcatalog; path = Assets.xcassets; sourceTree = "<group>"; };
		6B9127BA2A6043DE0016953C /* Preview Assets.xcassets */ = {isa = PBXFileReference; lastKnownFileType = folder.assetcatalog; path = "Preview Assets.xcassets"; sourceTree = "<group>"; };
		6B9127CD2A6049980016953C /* locations.json */ = {isa = PBXFileReference; fileEncoding = 4; lastKnownFileType = text.json; path = locations.json; sourceTree = "<group>"; };
		6B9127CE2A6049980016953C /* videos.json */ = {isa = PBXFileReference; fileEncoding = 4; lastKnownFileType = text.json; path = videos.json; sourceTree = "<group>"; };
		6B9127CF2A6049980016953C /* covers.json */ = {isa = PBXFileReference; fileEncoding = 4; lastKnownFileType = text.json; path = covers.json; sourceTree = "<group>"; };
		6B9127D02A6049990016953C /* animals.json */ = {isa = PBXFileReference; fileEncoding = 4; lastKnownFileType = text.json; path = animals.json; sourceTree = "<group>"; };
		6B9127D52A604B410016953C /* Info.plist */ = {isa = PBXFileReference; lastKnownFileType = text.plist; path = Info.plist; sourceTree = "<group>"; };
		6B9127D72A604E730016953C /* VideoListView.swift */ = {isa = PBXFileReference; lastKnownFileType = sourcecode.swift; path = VideoListView.swift; sourceTree = "<group>"; };
		6B9127D92A604EA70016953C /* MapView.swift */ = {isa = PBXFileReference; lastKnownFileType = sourcecode.swift; path = MapView.swift; sourceTree = "<group>"; };
		6B9127DB2A604EE20016953C /* GalleryView.swift */ = {isa = PBXFileReference; lastKnownFileType = sourcecode.swift; path = GalleryView.swift; sourceTree = "<group>"; };
		6B9127DD2A604F760016953C /* MainView.swift */ = {isa = PBXFileReference; lastKnownFileType = sourcecode.swift; path = MainView.swift; sourceTree = "<group>"; };
		6B9127E02A6056A90016953C /* CoverImageView.swift */ = {isa = PBXFileReference; lastKnownFileType = sourcecode.swift; path = CoverImageView.swift; sourceTree = "<group>"; };
		6B9127E32A605B460016953C /* CoverImageModel.swift */ = {isa = PBXFileReference; lastKnownFileType = sourcecode.swift; path = CoverImageModel.swift; sourceTree = "<group>"; };
		6B9127E62A605D760016953C /* CodableBundleExtension.swift */ = {isa = PBXFileReference; lastKnownFileType = sourcecode.swift; path = CodableBundleExtension.swift; sourceTree = "<group>"; };
		6B9127E82A6072FF0016953C /* AnimalListItemView.swift */ = {isa = PBXFileReference; lastKnownFileType = sourcecode.swift; path = AnimalListItemView.swift; sourceTree = "<group>"; };
		6B9127EA2A6076AE0016953C /* AnimalModel.swift */ = {isa = PBXFileReference; lastKnownFileType = sourcecode.swift; path = AnimalModel.swift; sourceTree = "<group>"; };
		6B9127EC2A60865E0016953C /* AnimalDetailView.swift */ = {isa = PBXFileReference; lastKnownFileType = sourcecode.swift; path = AnimalDetailView.swift; sourceTree = "<group>"; };
		6B9127EE2A608E470016953C /* HeadingView.swift */ = {isa = PBXFileReference; lastKnownFileType = sourcecode.swift; path = HeadingView.swift; sourceTree = "<group>"; };
		6B9127F02A6091520016953C /* InsetGalleryView.swift */ = {isa = PBXFileReference; lastKnownFileType = sourcecode.swift; path = InsetGalleryView.swift; sourceTree = "<group>"; };
		6B9AC9B32A63234F002197CA /* lioness.mp4 */ = {isa = PBXFileReference; lastKnownFileType = file; name = lioness.mp4; path = "../../../../../Desktop/SWIFTUI-APP-AFRICA-UPDATED/Resources/Video/lioness.mp4"; sourceTree = "<group>"; };
		6B9AC9B42A63234F002197CA /* elephant.mp4 */ = {isa = PBXFileReference; lastKnownFileType = file; name = elephant.mp4; path = "../../../../../Desktop/SWIFTUI-APP-AFRICA-UPDATED/Resources/Video/elephant.mp4"; sourceTree = "<group>"; };
		6B9AC9B52A632350002197CA /* cheetah.mp4 */ = {isa = PBXFileReference; lastKnownFileType = file; name = cheetah.mp4; path = "../../../../../Desktop/SWIFTUI-APP-AFRICA-UPDATED/Resources/Video/cheetah.mp4"; sourceTree = "<group>"; };
		6B9AC9B62A632350002197CA /* gorilla.mp4 */ = {isa = PBXFileReference; lastKnownFileType = file; name = gorilla.mp4; path = "../../../../../Desktop/SWIFTUI-APP-AFRICA-UPDATED/Resources/Video/gorilla.mp4"; sourceTree = "<group>"; };
		6B9AC9B72A632350002197CA /* lion.mp4 */ = {isa = PBXFileReference; lastKnownFileType = file; name = lion.mp4; path = "../../../../../Desktop/SWIFTUI-APP-AFRICA-UPDATED/Resources/Video/lion.mp4"; sourceTree = "<group>"; };
		6B9AC9B82A632350002197CA /* giraffe.mp4 */ = {isa = PBXFileReference; lastKnownFileType = file; name = giraffe.mp4; path = "../../../../../Desktop/SWIFTUI-APP-AFRICA-UPDATED/Resources/Video/giraffe.mp4"; sourceTree = "<group>"; };
		6B9AC9B92A632350002197CA /* zebra.mp4 */ = {isa = PBXFileReference; lastKnownFileType = file; name = zebra.mp4; path = "../../../../../Desktop/SWIFTUI-APP-AFRICA-UPDATED/Resources/Video/zebra.mp4"; sourceTree = "<group>"; };
		6B9AC9BA2A632350002197CA /* rhino.mp4 */ = {isa = PBXFileReference; lastKnownFileType = file; name = rhino.mp4; path = "../../../../../Desktop/SWIFTUI-APP-AFRICA-UPDATED/Resources/Video/rhino.mp4"; sourceTree = "<group>"; };
		6B9AC9BB2A632350002197CA /* ostrich.mp4 */ = {isa = PBXFileReference; lastKnownFileType = file; name = ostrich.mp4; path = "../../../../../Desktop/SWIFTUI-APP-AFRICA-UPDATED/Resources/Video/ostrich.mp4"; sourceTree = "<group>"; };
		6B9AC9BC2A632350002197CA /* hippo.mp4 */ = {isa = PBXFileReference; lastKnownFileType = file; name = hippo.mp4; path = "../../../../../Desktop/SWIFTUI-APP-AFRICA-UPDATED/Resources/Video/hippo.mp4"; sourceTree = "<group>"; };
		6B9AC9C72A63276F002197CA /* LocationModel.swift */ = {isa = PBXFileReference; lastKnownFileType = sourcecode.swift; path = LocationModel.swift; sourceTree = "<group>"; };
		6B9AC9C92A6334C4002197CA /* MapAnnotationView.swift */ = {isa = PBXFileReference; lastKnownFileType = sourcecode.swift; path = MapAnnotationView.swift; sourceTree = "<group>"; };
		6B9AC9CB2A646056002197CA /* MotionAnimationView.swift */ = {isa = PBXFileReference; lastKnownFileType = sourcecode.swift; path = MotionAnimationView.swift; sourceTree = "<group>"; };
		6B9AC9CD2A653AF6002197CA /* AnimalGridItemView.swift */ = {isa = PBXFileReference; lastKnownFileType = sourcecode.swift; path = AnimalGridItemView.swift; sourceTree = "<group>"; };
		6BDB29C82A655B4400C0996A /* Stickers.appex */ = {isa = PBXFileReference; explicitFileType = "wrapper.app-extension"; includeInIndex = 0; path = Stickers.appex; sourceTree = BUILT_PRODUCTS_DIR; };
		6BDB29CA2A655B4600C0996A /* Stickers.xcassets */ = {isa = PBXFileReference; lastKnownFileType = folder.assetcatalog; path = Stickers.xcassets; sourceTree = "<group>"; };
		6BDB29CC2A655B4600C0996A /* Info.plist */ = {isa = PBXFileReference; lastKnownFileType = text.plist.xml; path = Info.plist; sourceTree = "<group>"; };
/* End PBXFileReference section */

/* Begin PBXFrameworksBuildPhase section */
		6B9127AD2A6043DD0016953C /* Frameworks */ = {
			isa = PBXFrameworksBuildPhase;
			buildActionMask = 2147483647;
			files = (
			);
			runOnlyForDeploymentPostprocessing = 0;
		};
/* End PBXFrameworksBuildPhase section */

/* Begin PBXGroup section */
		6B6102CB2A61CA6600B3126E /* Helper */ = {
			isa = PBXGroup;
			children = (
				6B6102CC2A61CAA800B3126E /* VideoPlayerHelper.swift */,
			);
			path = Helper;
			sourceTree = "<group>";
		};
		6B9127A72A6043DD0016953C = {
			isa = PBXGroup;
			children = (
				6B9127B22A6043DD0016953C /* Africa */,
				6BDB29C92A655B4400C0996A /* Stickers */,
				6B9127B12A6043DD0016953C /* Products */,
			);
			sourceTree = "<group>";
		};
		6B9127B12A6043DD0016953C /* Products */ = {
			isa = PBXGroup;
			children = (
				6B9127B02A6043DD0016953C /* Africa.app */,
				6BDB29C82A655B4400C0996A /* Stickers.appex */,
			);
			name = Products;
			sourceTree = "<group>";
		};
		6B9127B22A6043DD0016953C /* Africa */ = {
			isa = PBXGroup;
			children = (
				6B6102CB2A61CA6600B3126E /* Helper */,
				6B9127E52A605D400016953C /* Extension */,
				6B9127E22A605B0E0016953C /* Model */,
				6B9127DF2A6056720016953C /* View */,
				6B9127D52A604B410016953C /* Info.plist */,
				6B9127CC2A6049430016953C /* Data */,
				6B9127C12A6048320016953C /* Video */,
				6B9127D62A604C8C0016953C /* App */,
				6B9127B72A6043DE0016953C /* Assets.xcassets */,
				6B9127B92A6043DE0016953C /* Preview Content */,
			);
			path = Africa;
			sourceTree = "<group>";
		};
		6B9127B92A6043DE0016953C /* Preview Content */ = {
			isa = PBXGroup;
			children = (
				6B9127BA2A6043DE0016953C /* Preview Assets.xcassets */,
			);
			path = "Preview Content";
			sourceTree = "<group>";
		};
		6B9127C12A6048320016953C /* Video */ = {
			isa = PBXGroup;
			children = (
				6B9AC9B52A632350002197CA /* cheetah.mp4 */,
				6B9AC9B42A63234F002197CA /* elephant.mp4 */,
				6B9AC9B82A632350002197CA /* giraffe.mp4 */,
				6B9AC9B62A632350002197CA /* gorilla.mp4 */,
				6B9AC9BC2A632350002197CA /* hippo.mp4 */,
				6B9AC9B72A632350002197CA /* lion.mp4 */,
				6B9AC9B32A63234F002197CA /* lioness.mp4 */,
				6B9AC9BB2A632350002197CA /* ostrich.mp4 */,
				6B9AC9BA2A632350002197CA /* rhino.mp4 */,
				6B9AC9B92A632350002197CA /* zebra.mp4 */,
			);
			path = Video;
			sourceTree = "<group>";
		};
		6B9127CC2A6049430016953C /* Data */ = {
			isa = PBXGroup;
			children = (
				6B9127D02A6049990016953C /* animals.json */,
				6B9127CF2A6049980016953C /* covers.json */,
				6B9127CD2A6049980016953C /* locations.json */,
				6B9127CE2A6049980016953C /* videos.json */,
			);
			path = Data;
			sourceTree = "<group>";
		};
		6B9127D62A604C8C0016953C /* App */ = {
			isa = PBXGroup;
			children = (
				6B9127B32A6043DD0016953C /* AfricaApp.swift */,
				6B9127B52A6043DD0016953C /* ContentView.swift */,
				6B9127D72A604E730016953C /* VideoListView.swift */,
				6B9127D92A604EA70016953C /* MapView.swift */,
				6B9127DB2A604EE20016953C /* GalleryView.swift */,
				6B9127DD2A604F760016953C /* MainView.swift */,
			);
			path = App;
			sourceTree = "<group>";
		};
		6B9127DF2A6056720016953C /* View */ = {
			isa = PBXGroup;
			children = (
				6B9127E02A6056A90016953C /* CoverImageView.swift */,
				6B9127E82A6072FF0016953C /* AnimalListItemView.swift */,
				6B9127EC2A60865E0016953C /* AnimalDetailView.swift */,
				6B9127EE2A608E470016953C /* HeadingView.swift */,
				6B9127F02A6091520016953C /* InsetGalleryView.swift */,
				6B435BBF2A6198EE00F830CB /* InsetFactView.swift */,
				6B435BC12A619E4F00F830CB /* InsetMapView.swift */,
				6B435BC32A61AF5F00F830CB /* ExternalWeblinkView.swift */,
				6B435BC72A61BA4500F830CB /* VideoListItemView.swift */,
				6B6102C92A61C7AA00B3126E /* VideoPlayerView.swift */,
				6B9AC9C92A6334C4002197CA /* MapAnnotationView.swift */,
				6B9AC9CB2A646056002197CA /* MotionAnimationView.swift */,
				6B9AC9CD2A653AF6002197CA /* AnimalGridItemView.swift */,
			);
			path = View;
			sourceTree = "<group>";
		};
		6B9127E22A605B0E0016953C /* Model */ = {
			isa = PBXGroup;
			children = (
				6B9127E32A605B460016953C /* CoverImageModel.swift */,
				6B9127EA2A6076AE0016953C /* AnimalModel.swift */,
				6B435BC52A61B95B00F830CB /* VideoModel.swift */,
				6B9AC9C72A63276F002197CA /* LocationModel.swift */,
			);
			path = Model;
			sourceTree = "<group>";
		};
		6B9127E52A605D400016953C /* Extension */ = {
			isa = PBXGroup;
			children = (
				6B9127E62A605D760016953C /* CodableBundleExtension.swift */,
			);
			path = Extension;
			sourceTree = "<group>";
		};
		6BDB29C92A655B4400C0996A /* Stickers */ = {
			isa = PBXGroup;
			children = (
				6BDB29CA2A655B4600C0996A /* Stickers.xcassets */,
				6BDB29CC2A655B4600C0996A /* Info.plist */,
			);
			path = Stickers;
			sourceTree = "<group>";
		};
/* End PBXGroup section */

/* Begin PBXNativeTarget section */
		6B9127AF2A6043DD0016953C /* Africa */ = {
			isa = PBXNativeTarget;
			buildConfigurationList = 6B9127BE2A6043DE0016953C /* Build configuration list for PBXNativeTarget "Africa" */;
			buildPhases = (
				6B9127AC2A6043DD0016953C /* Sources */,
				6B9127AD2A6043DD0016953C /* Frameworks */,
				6B9127AE2A6043DD0016953C /* Resources */,
				6BDB29D02A655B4600C0996A /* Embed Foundation Extensions */,
			);
			buildRules = (
			);
			dependencies = (
				6BDB29CE2A655B4600C0996A /* PBXTargetDependency */,
			);
			name = Africa;
			productName = Africa;
			productReference = 6B9127B02A6043DD0016953C /* Africa.app */;
			productType = "com.apple.product-type.application";
		};
		6BDB29C72A655B4400C0996A /* Stickers */ = {
			isa = PBXNativeTarget;
			buildConfigurationList = 6BDB29D32A655B4600C0996A /* Build configuration list for PBXNativeTarget "Stickers" */;
			buildPhases = (
				6BDB29C62A655B4400C0996A /* Resources */,
			);
			buildRules = (
			);
			dependencies = (
			);
			name = Stickers;
			productName = Stickers;
			productReference = 6BDB29C82A655B4400C0996A /* Stickers.appex */;
			productType = "com.apple.product-type.app-extension.messages-sticker-pack";
		};
/* End PBXNativeTarget section */

/* Begin PBXProject section */
		6B9127A82A6043DD0016953C /* Project object */ = {
			isa = PBXProject;
			attributes = {
				BuildIndependentTargetsInParallel = 1;
				LastSwiftUpdateCheck = 1430;
				LastUpgradeCheck = 1430;
				TargetAttributes = {
					6B9127AF2A6043DD0016953C = {
						CreatedOnToolsVersion = 14.3.1;
					};
					6BDB29C72A655B4400C0996A = {
						CreatedOnToolsVersion = 14.3.1;
					};
				};
			};
			buildConfigurationList = 6B9127AB2A6043DD0016953C /* Build configuration list for PBXProject "Africa" */;
			compatibilityVersion = "Xcode 14.0";
			developmentRegion = en;
			hasScannedForEncodings = 0;
			knownRegions = (
				en,
				Base,
			);
			mainGroup = 6B9127A72A6043DD0016953C;
			productRefGroup = 6B9127B12A6043DD0016953C /* Products */;
			projectDirPath = "";
			projectRoot = "";
			targets = (
				6B9127AF2A6043DD0016953C /* Africa */,
				6BDB29C72A655B4400C0996A /* Stickers */,
			);
		};
/* End PBXProject section */

/* Begin PBXResourcesBuildPhase section */
		6B9127AE2A6043DD0016953C /* Resources */ = {
			isa = PBXResourcesBuildPhase;
			buildActionMask = 2147483647;
			files = (
				6B9127D32A6049990016953C /* covers.json in Resources */,
				6B9AC9C32A632350002197CA /* zebra.mp4 in Resources */,
				6B9127BB2A6043DE0016953C /* Preview Assets.xcassets in Resources */,
				6B9AC9C52A632350002197CA /* ostrich.mp4 in Resources */,
				6B9AC9C22A632350002197CA /* giraffe.mp4 in Resources */,
				6B9AC9C42A632350002197CA /* rhino.mp4 in Resources */,
				6B9AC9C02A632350002197CA /* gorilla.mp4 in Resources */,
				6B9127D22A6049990016953C /* videos.json in Resources */,
				6B9AC9C62A632350002197CA /* hippo.mp4 in Resources */,
				6B9127D42A6049990016953C /* animals.json in Resources */,
				6B9AC9BE2A632350002197CA /* elephant.mp4 in Resources */,
				6B9127D12A6049990016953C /* locations.json in Resources */,
				6B9AC9BD2A632350002197CA /* lioness.mp4 in Resources */,
				6B9AC9C12A632350002197CA /* lion.mp4 in Resources */,
				6B9127B82A6043DE0016953C /* Assets.xcassets in Resources */,
				6B9AC9BF2A632350002197CA /* cheetah.mp4 in Resources */,
			);
			runOnlyForDeploymentPostprocessing = 0;
		};
		6BDB29C62A655B4400C0996A /* Resources */ = {
			isa = PBXResourcesBuildPhase;
			buildActionMask = 2147483647;
			files = (
				6BDB29CB2A655B4600C0996A /* Stickers.xcassets in Resources */,
			);
			runOnlyForDeploymentPostprocessing = 0;
		};
/* End PBXResourcesBuildPhase section */

/* Begin PBXSourcesBuildPhase section */
		6B9127AC2A6043DD0016953C /* Sources */ = {
			isa = PBXSourcesBuildPhase;
			buildActionMask = 2147483647;
			files = (
				6B435BC42A61AF5F00F830CB /* ExternalWeblinkView.swift in Sources */,
				6B9127B62A6043DD0016953C /* ContentView.swift in Sources */,
				6B9127E92A6072FF0016953C /* AnimalListItemView.swift in Sources */,
				6B9127DE2A604F760016953C /* MainView.swift in Sources */,
				6B435BC02A6198EE00F830CB /* InsetFactView.swift in Sources */,
				6B9127E12A6056A90016953C /* CoverImageView.swift in Sources */,
				6B9127E42A605B460016953C /* CoverImageModel.swift in Sources */,
				6B9127ED2A60865E0016953C /* AnimalDetailView.swift in Sources */,
				6B9127EB2A6076AE0016953C /* AnimalModel.swift in Sources */,
				6B9127DA2A604EA70016953C /* MapView.swift in Sources */,
				6B6102CD2A61CAA800B3126E /* VideoPlayerHelper.swift in Sources */,
				6B435BC22A619E4F00F830CB /* InsetMapView.swift in Sources */,
				6B9127B42A6043DD0016953C /* AfricaApp.swift in Sources */,
				6B9AC9CA2A6334C4002197CA /* MapAnnotationView.swift in Sources */,
				6B9127D82A604E730016953C /* VideoListView.swift in Sources */,
				6B435BC62A61B95B00F830CB /* VideoModel.swift in Sources */,
				6B9127DC2A604EE20016953C /* GalleryView.swift in Sources */,
				6B9AC9C82A63276F002197CA /* LocationModel.swift in Sources */,
				6B9AC9CE2A653AF6002197CA /* AnimalGridItemView.swift in Sources */,
				6B9127F12A6091520016953C /* InsetGalleryView.swift in Sources */,
				6B435BC82A61BA4500F830CB /* VideoListItemView.swift in Sources */,
				6B9127E72A605D760016953C /* CodableBundleExtension.swift in Sources */,
				6B9AC9CC2A646056002197CA /* MotionAnimationView.swift in Sources */,
				6B9127EF2A608E470016953C /* HeadingView.swift in Sources */,
				6B6102CA2A61C7AA00B3126E /* VideoPlayerView.swift in Sources */,
			);
			runOnlyForDeploymentPostprocessing = 0;
		};
/* End PBXSourcesBuildPhase section */

/* Begin PBXTargetDependency section */
		6BDB29CE2A655B4600C0996A /* PBXTargetDependency */ = {
			isa = PBXTargetDependency;
			target = 6BDB29C72A655B4400C0996A /* Stickers */;
			targetProxy = 6BDB29CD2A655B4600C0996A /* PBXContainerItemProxy */;
		};
/* End PBXTargetDependency section */

/* Begin XCBuildConfiguration section */
		6B9127BC2A6043DE0016953C /* Debug */ = {
			isa = XCBuildConfiguration;
			buildSettings = {
				ALWAYS_SEARCH_USER_PATHS = NO;
				CLANG_ANALYZER_NONNULL = YES;
				CLANG_ANALYZER_NUMBER_OBJECT_CONVERSION = YES_AGGRESSIVE;
				CLANG_CXX_LANGUAGE_STANDARD = "gnu++20";
				CLANG_ENABLE_MODULES = YES;
				CLANG_ENABLE_OBJC_ARC = YES;
				CLANG_ENABLE_OBJC_WEAK = YES;
				CLANG_WARN_BLOCK_CAPTURE_AUTORELEASING = YES;
				CLANG_WARN_BOOL_CONVERSION = YES;
				CLANG_WARN_COMMA = YES;
				CLANG_WARN_CONSTANT_CONVERSION = YES;
				CLANG_WARN_DEPRECATED_OBJC_IMPLEMENTATIONS = YES;
				CLANG_WARN_DIRECT_OBJC_ISA_USAGE = YES_ERROR;
				CLANG_WARN_DOCUMENTATION_COMMENTS = YES;
				CLANG_WARN_EMPTY_BODY = YES;
				CLANG_WARN_ENUM_CONVERSION = YES;
				CLANG_WARN_INFINITE_RECURSION = YES;
				CLANG_WARN_INT_CONVERSION = YES;
				CLANG_WARN_NON_LITERAL_NULL_CONVERSION = YES;
				CLANG_WARN_OBJC_IMPLICIT_RETAIN_SELF = YES;
				CLANG_WARN_OBJC_LITERAL_CONVERSION = YES;
				CLANG_WARN_OBJC_ROOT_CLASS = YES_ERROR;
				CLANG_WARN_QUOTED_INCLUDE_IN_FRAMEWORK_HEADER = YES;
				CLANG_WARN_RANGE_LOOP_ANALYSIS = YES;
				CLANG_WARN_STRICT_PROTOTYPES = YES;
				CLANG_WARN_SUSPICIOUS_MOVE = YES;
				CLANG_WARN_UNGUARDED_AVAILABILITY = YES_AGGRESSIVE;
				CLANG_WARN_UNREACHABLE_CODE = YES;
				CLANG_WARN__DUPLICATE_METHOD_MATCH = YES;
				COPY_PHASE_STRIP = NO;
				DEBUG_INFORMATION_FORMAT = dwarf;
				ENABLE_STRICT_OBJC_MSGSEND = YES;
				ENABLE_TESTABILITY = YES;
				GCC_C_LANGUAGE_STANDARD = gnu11;
				GCC_DYNAMIC_NO_PIC = NO;
				GCC_NO_COMMON_BLOCKS = YES;
				GCC_OPTIMIZATION_LEVEL = 0;
				GCC_PREPROCESSOR_DEFINITIONS = (
					"DEBUG=1",
					"$(inherited)",
				);
				GCC_WARN_64_TO_32_BIT_CONVERSION = YES;
				GCC_WARN_ABOUT_RETURN_TYPE = YES_ERROR;
				GCC_WARN_UNDECLARED_SELECTOR = YES;
				GCC_WARN_UNINITIALIZED_AUTOS = YES_AGGRESSIVE;
				GCC_WARN_UNUSED_FUNCTION = YES;
				GCC_WARN_UNUSED_VARIABLE = YES;
				IPHONEOS_DEPLOYMENT_TARGET = 16.4;
				MTL_ENABLE_DEBUG_INFO = INCLUDE_SOURCE;
				MTL_FAST_MATH = YES;
				ONLY_ACTIVE_ARCH = YES;
				SDKROOT = iphoneos;
				SWIFT_ACTIVE_COMPILATION_CONDITIONS = DEBUG;
				SWIFT_OPTIMIZATION_LEVEL = "-Onone";
			};
			name = Debug;
		};
		6B9127BD2A6043DE0016953C /* Release */ = {
			isa = XCBuildConfiguration;
			buildSettings = {
				ALWAYS_SEARCH_USER_PATHS = NO;
				CLANG_ANALYZER_NONNULL = YES;
				CLANG_ANALYZER_NUMBER_OBJECT_CONVERSION = YES_AGGRESSIVE;
				CLANG_CXX_LANGUAGE_STANDARD = "gnu++20";
				CLANG_ENABLE_MODULES = YES;
				CLANG_ENABLE_OBJC_ARC = YES;
				CLANG_ENABLE_OBJC_WEAK = YES;
				CLANG_WARN_BLOCK_CAPTURE_AUTORELEASING = YES;
				CLANG_WARN_BOOL_CONVERSION = YES;
				CLANG_WARN_COMMA = YES;
				CLANG_WARN_CONSTANT_CONVERSION = YES;
				CLANG_WARN_DEPRECATED_OBJC_IMPLEMENTATIONS = YES;
				CLANG_WARN_DIRECT_OBJC_ISA_USAGE = YES_ERROR;
				CLANG_WARN_DOCUMENTATION_COMMENTS = YES;
				CLANG_WARN_EMPTY_BODY = YES;
				CLANG_WARN_ENUM_CONVERSION = YES;
				CLANG_WARN_INFINITE_RECURSION = YES;
				CLANG_WARN_INT_CONVERSION = YES;
				CLANG_WARN_NON_LITERAL_NULL_CONVERSION = YES;
				CLANG_WARN_OBJC_IMPLICIT_RETAIN_SELF = YES;
				CLANG_WARN_OBJC_LITERAL_CONVERSION = YES;
				CLANG_WARN_OBJC_ROOT_CLASS = YES_ERROR;
				CLANG_WARN_QUOTED_INCLUDE_IN_FRAMEWORK_HEADER = YES;
				CLANG_WARN_RANGE_LOOP_ANALYSIS = YES;
				CLANG_WARN_STRICT_PROTOTYPES = YES;
				CLANG_WARN_SUSPICIOUS_MOVE = YES;
				CLANG_WARN_UNGUARDED_AVAILABILITY = YES_AGGRESSIVE;
				CLANG_WARN_UNREACHABLE_CODE = YES;
				CLANG_WARN__DUPLICATE_METHOD_MATCH = YES;
				COPY_PHASE_STRIP = NO;
				DEBUG_INFORMATION_FORMAT = "dwarf-with-dsym";
				ENABLE_NS_ASSERTIONS = NO;
				ENABLE_STRICT_OBJC_MSGSEND = YES;
				GCC_C_LANGUAGE_STANDARD = gnu11;
				GCC_NO_COMMON_BLOCKS = YES;
				GCC_WARN_64_TO_32_BIT_CONVERSION = YES;
				GCC_WARN_ABOUT_RETURN_TYPE = YES_ERROR;
				GCC_WARN_UNDECLARED_SELECTOR = YES;
				GCC_WARN_UNINITIALIZED_AUTOS = YES_AGGRESSIVE;
				GCC_WARN_UNUSED_FUNCTION = YES;
				GCC_WARN_UNUSED_VARIABLE = YES;
				IPHONEOS_DEPLOYMENT_TARGET = 16.4;
				MTL_ENABLE_DEBUG_INFO = NO;
				MTL_FAST_MATH = YES;
				SDKROOT = iphoneos;
				SWIFT_COMPILATION_MODE = wholemodule;
				SWIFT_OPTIMIZATION_LEVEL = "-O";
				VALIDATE_PRODUCT = YES;
			};
			name = Release;
		};
		6B9127BF2A6043DE0016953C /* Debug */ = {
			isa = XCBuildConfiguration;
			buildSettings = {
				ASSETCATALOG_COMPILER_APPICON_NAME = AppIcon;
				ASSETCATALOG_COMPILER_GLOBAL_ACCENT_COLOR_NAME = AccentColor;
				CODE_SIGN_STYLE = Automatic;
				CURRENT_PROJECT_VERSION = 1;
				DEVELOPMENT_ASSET_PATHS = "\"Africa/Preview Content\"";
				DEVELOPMENT_TEAM = UXC7U9N9AB;
				ENABLE_PREVIEWS = YES;
				GENERATE_INFOPLIST_FILE = YES;
				INFOPLIST_FILE = Africa/Info.plist;
				INFOPLIST_KEY_UIApplicationSceneManifest_Generation = YES;
				INFOPLIST_KEY_UIApplicationSupportsIndirectInputEvents = YES;
				INFOPLIST_KEY_UISupportedInterfaceOrientations_iPad = "UIInterfaceOrientationPortrait UIInterfaceOrientationPortraitUpsideDown UIInterfaceOrientationLandscapeLeft UIInterfaceOrientationLandscapeRight";
				INFOPLIST_KEY_UISupportedInterfaceOrientations_iPhone = "UIInterfaceOrientationPortrait UIInterfaceOrientationLandscapeLeft UIInterfaceOrientationLandscapeRight";
				INFOPLIST_KEY_UIUserInterfaceStyle = Dark;
				LD_RUNPATH_SEARCH_PATHS = (
					"$(inherited)",
					"@executable_path/Frameworks",
				);
				MARKETING_VERSION = 1.0;
				PRODUCT_BUNDLE_IDENTIFIER = com.sajakkrystyna.Africa;
				PRODUCT_NAME = "$(TARGET_NAME)";
				SWIFT_EMIT_LOC_STRINGS = YES;
				SWIFT_VERSION = 5.0;
				TARGETED_DEVICE_FAMILY = "1,2";
			};
			name = Debug;
		};
		6B9127C02A6043DE0016953C /* Release */ = {
			isa = XCBuildConfiguration;
			buildSettings = {
				ASSETCATALOG_COMPILER_APPICON_NAME = AppIcon;
				ASSETCATALOG_COMPILER_GLOBAL_ACCENT_COLOR_NAME = AccentColor;
				CODE_SIGN_STYLE = Automatic;
				CURRENT_PROJECT_VERSION = 1;
				DEVELOPMENT_ASSET_PATHS = "\"Africa/Preview Content\"";
				DEVELOPMENT_TEAM = UXC7U9N9AB;
				ENABLE_PREVIEWS = YES;
				GENERATE_INFOPLIST_FILE = YES;
				INFOPLIST_FILE = Africa/Info.plist;
				INFOPLIST_KEY_UIApplicationSceneManifest_Generation = YES;
				INFOPLIST_KEY_UIApplicationSupportsIndirectInputEvents = YES;
				INFOPLIST_KEY_UISupportedInterfaceOrientations_iPad = "UIInterfaceOrientationPortrait UIInterfaceOrientationPortraitUpsideDown UIInterfaceOrientationLandscapeLeft UIInterfaceOrientationLandscapeRight";
				INFOPLIST_KEY_UISupportedInterfaceOrientations_iPhone = "UIInterfaceOrientationPortrait UIInterfaceOrientationLandscapeLeft UIInterfaceOrientationLandscapeRight";
				INFOPLIST_KEY_UIUserInterfaceStyle = Dark;
				LD_RUNPATH_SEARCH_PATHS = (
					"$(inherited)",
					"@executable_path/Frameworks",
				);
				MARKETING_VERSION = 1.0;
				PRODUCT_BUNDLE_IDENTIFIER = com.sajakkrystyna.Africa;
				PRODUCT_NAME = "$(TARGET_NAME)";
				SWIFT_EMIT_LOC_STRINGS = YES;
				SWIFT_VERSION = 5.0;
				TARGETED_DEVICE_FAMILY = "1,2";
			};
			name = Release;
		};
		6BDB29D12A655B4600C0996A /* Debug */ = {
			isa = XCBuildConfiguration;
			buildSettings = {
				ASSETCATALOG_COMPILER_APPICON_NAME = "iMessage App Icon";
				CODE_SIGN_STYLE = Automatic;
				CURRENT_PROJECT_VERSION = 1;
				DEVELOPMENT_TEAM = UXC7U9N9AB;
				GENERATE_INFOPLIST_FILE = YES;
				INFOPLIST_FILE = Stickers/Info.plist;
				INFOPLIST_KEY_CFBundleDisplayName = Africa;
				MARKETING_VERSION = 1.0;
				PRODUCT_BUNDLE_IDENTIFIER = com.sajakkrystyna.Africa.Stickers;
				PRODUCT_NAME = "$(TARGET_NAME)";
				SKIP_INSTALL = YES;
				SWIFT_EMIT_LOC_STRINGS = YES;
				TARGETED_DEVICE_FAMILY = "1,2";
			};
			name = Debug;
		};
		6BDB29D22A655B4600C0996A /* Release */ = {
			isa = XCBuildConfiguration;
			buildSettings = {
				ASSETCATALOG_COMPILER_APPICON_NAME = "iMessage App Icon";
				CODE_SIGN_STYLE = Automatic;
				CURRENT_PROJECT_VERSION = 1;
				DEVELOPMENT_TEAM = UXC7U9N9AB;
				GENERATE_INFOPLIST_FILE = YES;
				INFOPLIST_FILE = Stickers/Info.plist;
				INFOPLIST_KEY_CFBundleDisplayName = Africa;
				MARKETING_VERSION = 1.0;
				PRODUCT_BUNDLE_IDENTIFIER = com.sajakkrystyna.Africa.Stickers;
				PRODUCT_NAME = "$(TARGET_NAME)";
				SKIP_INSTALL = YES;
				SWIFT_EMIT_LOC_STRINGS = YES;
				TARGETED_DEVICE_FAMILY = "1,2";
			};
			name = Release;
		};
/* End XCBuildConfiguration section */

/* Begin XCConfigurationList section */
		6B9127AB2A6043DD0016953C /* Build configuration list for PBXProject "Africa" */ = {
			isa = XCConfigurationList;
			buildConfigurations = (
				6B9127BC2A6043DE0016953C /* Debug */,
				6B9127BD2A6043DE0016953C /* Release */,
			);
			defaultConfigurationIsVisible = 0;
			defaultConfigurationName = Release;
		};
		6B9127BE2A6043DE0016953C /* Build configuration list for PBXNativeTarget "Africa" */ = {
			isa = XCConfigurationList;
			buildConfigurations = (
				6B9127BF2A6043DE0016953C /* Debug */,
				6B9127C02A6043DE0016953C /* Release */,
			);
			defaultConfigurationIsVisible = 0;
			defaultConfigurationName = Release;
		};
		6BDB29D32A655B4600C0996A /* Build configuration list for PBXNativeTarget "Stickers" */ = {
			isa = XCConfigurationList;
			buildConfigurations = (
				6BDB29D12A655B4600C0996A /* Debug */,
				6BDB29D22A655B4600C0996A /* Release */,
			);
			defaultConfigurationIsVisible = 0;
			defaultConfigurationName = Release;
		};
/* End XCConfigurationList section */
	};
	rootObject = 6B9127A82A6043DD0016953C /* Project object */;
}
